
Microsoft Visual Studio Solution File, Format Version 12.00
# Visual Studio Version 17
VisualStudioVersion = 17.14.36127.28 d17.14
MinimumVisualStudioVersion = 10.0.40219.1
Project("{FAE04EC0-301F-11D3-BF4B-00C04F79EFBC}") = "app2", "app2.csproj", "{E79BCEC3-9AED-4B5F-84DC-1903F172B552}"
EndProject
Global
	GlobalSection(SolutionConfigurationPlatforms) = preSolution
		Debug|Any CPU = Debug|Any CPU
		Release|Any CPU = Release|Any CPU
	EndGlobalSection
	GlobalSection(ProjectConfigurationPlatforms) = postSolution
		{E79BCEC3-9AED-4B5F-84DC-1903F172B552}.Debug|Any CPU.ActiveCfg = Debug|Any CPU
		{E79BCEC3-9AED-4B5F-84DC-1903F172B552}.Debug|Any CPU.Build.0 = Debug|Any CPU
		{E79BCEC3-9AED-4B5F-84DC-1903F172B552}.Release|Any CPU.ActiveCfg = Release|Any CPU
		{E79BCEC3-9AED-4B5F-84DC-1903F172B552}.Release|Any CPU.Build.0 = Release|Any CPU
	EndGlobalSection
	GlobalSection(SolutionProperties) = preSolution
		HideSolutionNode = FALSE
	EndGlobalSection
	GlobalSection(ExtensibilityGlobals) = postSolution
		SolutionGuid = {2B9EB405-93ED-4528-A584-D9D2227BE67E}
	EndGlobalSection
EndGlobal
