
Microsoft Visual Studio Solution File, Format Version 12.00
# Visual Studio Version 17
VisualStudioVersion = 17.14.36127.28 d17.14
MinimumVisualStudioVersion = 10.0.40219.1
Project("{FAE04EC0-301F-11D3-BF4B-00C04F79EFBC}") = "ap1", "ap1\ap1.csproj", "{58FF5669-CFB6-4CD2-80F6-ACC339FB900F}"
EndProject
Global
	GlobalSection(SolutionConfigurationPlatforms) = preSolution
		Debug|Any CPU = Debug|Any CPU
		Release|Any CPU = Release|Any CPU
	EndGlobalSection
	GlobalSection(ProjectConfigurationPlatforms) = postSolution
		{58FF5669-CFB6-4CD2-80F6-ACC339FB900F}.Debug|Any CPU.ActiveCfg = Debug|Any CPU
		{58FF5669-CFB6-4CD2-80F6-ACC339FB900F}.Debug|Any CPU.Build.0 = Debug|Any CPU
		{58FF5669-CFB6-4CD2-80F6-ACC339FB900F}.Release|Any CPU.ActiveCfg = Release|Any CPU
		{58FF5669-CFB6-4CD2-80F6-ACC339FB900F}.Release|Any CPU.Build.0 = Release|Any CPU
	EndGlobalSection
	GlobalSection(SolutionProperties) = preSolution
		HideSolutionNode = FALSE
	EndGlobalSection
	GlobalSection(ExtensibilityGlobals) = postSolution
		SolutionGuid = {DD0E6035-2943-4D0B-ACD4-203F958E0383}
	EndGlobalSection
EndGlobal
