
Microsoft Visual Studio Solution File, Format Version 12.00
# Visual Studio Version 17
VisualStudioVersion = 17.14.36127.28 d17.14
MinimumVisualStudioVersion = 10.0.40219.1
Project("{FAE04EC0-301F-11D3-BF4B-00C04F79EFBC}") = "app1", "app1.csproj", "{0A32F308-C4EA-4D37-B9BE-9A36F1A6B011}"
EndProject
Global
	GlobalSection(SolutionConfigurationPlatforms) = preSolution
		Debug|Any CPU = Debug|Any CPU
		Release|Any CPU = Release|Any CPU
	EndGlobalSection
	GlobalSection(ProjectConfigurationPlatforms) = postSolution
		{0A32F308-C4EA-4D37-B9BE-9A36F1A6B011}.Debug|Any CPU.ActiveCfg = Debug|Any CPU
		{0A32F308-C4EA-4D37-B9BE-9A36F1A6B011}.Debug|Any CPU.Build.0 = Debug|Any CPU
		{0A32F308-C4EA-4D37-B9BE-9A36F1A6B011}.Release|Any CPU.ActiveCfg = Release|Any CPU
		{0A32F308-C4EA-4D37-B9BE-9A36F1A6B011}.Release|Any CPU.Build.0 = Release|Any CPU
	EndGlobalSection
	GlobalSection(SolutionProperties) = preSolution
		HideSolutionNode = FALSE
	EndGlobalSection
	GlobalSection(ExtensibilityGlobals) = postSolution
		SolutionGuid = {7E3934A3-1212-49D2-96BC-55D28D898EFE}
	EndGlobalSection
EndGlobal
